{
  "name": "server",
  "version": "0.0.1",
  "lockfileVersion": 1,
  "requires": true,
  "dependencies": {
    "@babel/code-frame": {
      "version": "7.14.5",
      "resolved": "https://smbuild.jfrog.io/artifactory/api/npm/siteminder-npm/@babel/code-frame/-/code-frame-7.14.5.tgz",
      "integrity": "sha1-I7CNdA6D9JxeWZRfvxtD6Au/Tts=",
      "dev": true,
      "requires": {
        "@babel/highlight": "^7.14.5"
      }
    },
    "@babel/helper-validator-identifier": {
      "version": "7.15.7",
      "resolved": "https://smbuild.jfrog.io/artifactory/api/npm/siteminder-npm/@babel/helper-validator-identifier/-/helper-validator-identifier-7.15.7.tgz",
      "integrity": "sha1-Ig35k7/pBKSmsCq08zhaXr9uI4k=",
      "dev": true
    },
    "@babel/highlight": {
      "version": "7.14.5",
      "resolved": "https://smbuild.jfrog.io/artifactory/api/npm/siteminder-npm/@babel/highlight/-/highlight-7.14.5.tgz",
      "integrity": "sha1-aGGlLwOWZAUAH2qlNKAaJNmejNk=",
      "dev": true,
      "requires": {
        "@babel/helper-validator-identifier": "^7.14.5",
        "chalk": "^2.0.0",
        "js-tokens": "^4.0.0"
      }
    },
    "@cspotcode/source-map-consumer": {
      "version": "0.8.0",
      "resolved": "https://smbuild.jfrog.io/artifactory/api/npm/siteminder-npm/@cspotcode/source-map-consumer/-/source-map-consumer-0.8.0.tgz",
      "integrity": "sha1-M79LeznBeIIWBvZpu8RHpqYpeGs="
    },
    "@cspotcode/source-map-support": {
      "version": "0.6.1",
      "resolved": "https://smbuild.jfrog.io/artifactory/api/npm/siteminder-npm/@cspotcode/source-map-support/-/source-map-support-0.6.1.tgz",
      "integrity": "sha1-EYUR8xbi6H7kKUdhho4lTT2keWA=",
      "requires": {
        "@cspotcode/source-map-consumer": "0.8.0"
      }
    },
    "@tsconfig/node10": {
      "version": "1.0.8",
      "resolved": "https://smbuild.jfrog.io/artifactory/api/npm/siteminder-npm/@tsconfig/node10/-/node10-1.0.8.tgz",
      "integrity": "sha1-weToDW+WT77LM1nEO9SLQPfK2tk="
    },
    "@tsconfig/node12": {
      "version": "1.0.9",
      "resolved": "https://smbuild.jfrog.io/artifactory/api/npm/siteminder-npm/@tsconfig/node12/-/node12-1.0.9.tgz",
      "integrity": "sha1-YsH23uLr2a6tgNw6+laBDljhoEw="
    },
    "@tsconfig/node14": {
      "version": "1.0.1",
      "resolved": "https://smbuild.jfrog.io/artifactory/api/npm/siteminder-npm/@tsconfig/node14/-/node14-1.0.1.tgz",
      "integrity": "sha1-lfLRZ/+5uNIGiwsjUwL6/U33EfI="
    },
    "@tsconfig/node16": {
      "version": "1.0.2",
      "resolved": "https://smbuild.jfrog.io/artifactory/api/npm/siteminder-npm/@tsconfig/node16/-/node16-1.0.2.tgz",
      "integrity": "sha1-Qjx3h30Fadsg4fyAiFrEEYMUAQ4="
    },
    "@types/body-parser": {
      "version": "1.19.1",
      "resolved": "https://smbuild.jfrog.io/artifactory/api/npm/siteminder-npm/@types/body-parser/-/body-parser-1.19.1.tgz",
      "integrity": "sha1-DAF0xCp9AXuBgwPUtdlpywt1kpw=",
      "dev": true,
      "requires": {
        "@types/connect": "*",
        "@types/node": "*"
      }
    },
    "@types/connect": {
      "version": "3.4.35",
      "resolved": "https://smbuild.jfrog.io/artifactory/api/npm/siteminder-npm/@types/connect/-/connect-3.4.35.tgz",
      "integrity": "sha1-X89q5EXkAh0fwiGaSHPMc6O7KtE=",
      "dev": true,
      "requires": {
        "@types/node": "*"
      }
    },
    "@types/express": {
      "version": "4.17.13",
      "resolved": "https://smbuild.jfrog.io/artifactory/api/npm/siteminder-npm/@types/express/-/express-4.17.13.tgz",
      "integrity": "sha1-p24plXKJmbq1GjP6vOHXBaNwkDQ=",
      "dev": true,
      "requires": {
        "@types/body-parser": "*",
        "@types/express-serve-static-core": "^4.17.18",
        "@types/qs": "*",
        "@types/serve-static": "*"
      }
    },
    "@types/express-serve-static-core": {
      "version": "4.17.24",
      "resolved": "https://smbuild.jfrog.io/artifactory/api/npm/siteminder-npm/@types/express-serve-static-core/-/express-serve-static-core-4.17.24.tgz",
      "integrity": "sha1-6kH5O/fg1ZzVp2ZlBo7WqraBXAc=",
      "dev": true,
      "requires": {
        "@types/node": "*",
        "@types/qs": "*",
        "@types/range-parser": "*"
      }
    },
    "@types/mime": {
      "version": "1.3.2",
      "resolved": "https://smbuild.jfrog.io/artifactory/api/npm/siteminder-npm/@types/mime/-/mime-1.3.2.tgz",
      "integrity": "sha1-k+Jb+e51/g/YC1lLxP6w6GIRG1o=",
      "dev": true
    },
    "@types/node": {
      "version": "16.9.3",
      "resolved": "https://smbuild.jfrog.io/artifactory/api/npm/siteminder-npm/@types/node/-/node-16.9.3.tgz",
      "integrity": "sha1-kiMKu4Cma+sQI254pRzZ5jlvRIk="
    },
    "@types/qs": {
      "version": "6.9.7",
      "resolved": "https://smbuild.jfrog.io/artifactory/api/npm/siteminder-npm/@types/qs/-/qs-6.9.7.tgz",
      "integrity": "sha1-Y7t9Bn2xB8weRXwwO8JdUR/r9ss=",
      "dev": true
    },
    "@types/range-parser": {
      "version": "1.2.4",
      "resolved": "https://smbuild.jfrog.io/artifactory/api/npm/siteminder-npm/@types/range-parser/-/range-parser-1.2.4.tgz",
      "integrity": "sha1-zWZ7z90CUhOq+3ylkVqTJZCs3Nw=",
      "dev": true
    },
    "@types/serve-static": {
      "version": "1.13.10",
      "resolved": "https://smbuild.jfrog.io/artifactory/api/npm/siteminder-npm/@types/serve-static/-/serve-static-1.13.10.tgz",
      "integrity": "sha1-9eDOh5fS18xevtpIpSyWxPpHqNk=",
      "dev": true,
      "requires": {
        "@types/mime": "^1",
        "@types/node": "*"
      }
    },
    "@types/webidl-conversions": {
      "version": "6.1.1",
      "resolved": "https://smbuild.jfrog.io/artifactory/api/npm/siteminder-npm/@types/webidl-conversions/-/webidl-conversions-6.1.1.tgz",
      "integrity": "sha1-4zvI6oEqAfY/kEgcZmM0hEsSoJ4="
    },
    "@types/whatwg-url": {
      "version": "8.2.1",
      "resolved": "https://smbuild.jfrog.io/artifactory/api/npm/siteminder-npm/@types/whatwg-url/-/whatwg-url-8.2.1.tgz",
      "integrity": "sha1-8arCItq3xZ4BFmOgywoxF7LvBdQ=",
      "requires": {
        "@types/node": "*",
        "@types/webidl-conversions": "*"
      }
    },
    "accepts": {
      "version": "1.3.7",
      "resolved": "https://smbuild.jfrog.io/artifactory/api/npm/siteminder-npm/accepts/-/accepts-1.3.7.tgz",
      "integrity": "sha1-UxvHJlF6OytB+FACHGzBXqq1B80=",
      "requires": {
        "mime-types": "~2.1.24",
        "negotiator": "0.6.2"
      }
    },
    "acorn": {
      "version": "8.5.0",
      "resolved": "https://smbuild.jfrog.io/artifactory/api/npm/siteminder-npm/acorn/-/acorn-8.5.0.tgz",
      "integrity": "sha1-RRLMuZs2mMdSWR6btEcuOK1DzuI="
    },
    "acorn-walk": {
      "version": "8.2.0",
      "resolved": "https://smbuild.jfrog.io/artifactory/api/npm/siteminder-npm/acorn-walk/-/acorn-walk-8.2.0.tgz",
      "integrity": "sha1-dBIQ8uJCZFRQiFOi9E0KuDt/acE="
    },
    "ansi-styles": {
      "version": "3.2.1",
      "resolved": "https://smbuild.jfrog.io/artifactory/api/npm/siteminder-npm/ansi-styles/-/ansi-styles-3.2.1.tgz",
      "integrity": "sha1-QfuyAkPlCxK+DwS43tvwdSDOhB0=",
      "dev": true,
      "requires": {
        "color-convert": "^1.9.0"
      }
    },
    "arg": {
      "version": "4.1.3",
      "resolved": "https://smbuild.jfrog.io/artifactory/api/npm/siteminder-npm/arg/-/arg-4.1.3.tgz",
      "integrity": "sha1-Jp/HrVuOQstjyJbVZmAXJhwUQIk="
    },
    "argparse": {
      "version": "1.0.10",
      "resolved": "https://smbuild.jfrog.io/artifactory/api/npm/siteminder-npm/argparse/-/argparse-1.0.10.tgz",
      "integrity": "sha1-vNZ5HqWuCXJeF+WtmIE0zUCz2RE=",
      "dev": true,
      "requires": {
        "sprintf-js": "~1.0.2"
      }
    },
    "array-flatten": {
      "version": "1.1.1",
      "resolved": "https://smbuild.jfrog.io/artifactory/api/npm/siteminder-npm/array-flatten/-/array-flatten-1.1.1.tgz",
      "integrity": "sha1-ml9pkFGx5wczKPKgCJaLZOopVdI="
    },
    "balanced-match": {
      "version": "1.0.2",
      "resolved": "https://smbuild.jfrog.io/artifactory/api/npm/siteminder-npm/balanced-match/-/balanced-match-1.0.2.tgz",
      "integrity": "sha1-6D46fj8wCzTLnYf2FfoMvzV2kO4=",
      "dev": true
    },
    "base64-js": {
      "version": "1.5.1",
      "resolved": "https://smbuild.jfrog.io/artifactory/api/npm/siteminder-npm/base64-js/-/base64-js-1.5.1.tgz",
      "integrity": "sha1-GxtEAWClv3rUC2UPCVljSBkDkwo="
    },
    "body-parser": {
      "version": "1.19.0",
      "resolved": "https://smbuild.jfrog.io/artifactory/api/npm/siteminder-npm/body-parser/-/body-parser-1.19.0.tgz",
      "integrity": "sha1-lrJwnlfJxOCab9Zqj9l5hE9p8Io=",
      "requires": {
        "bytes": "3.1.0",
        "content-type": "~1.0.4",
        "debug": "2.6.9",
        "depd": "~1.1.2",
        "http-errors": "1.7.2",
        "iconv-lite": "0.4.24",
        "on-finished": "~2.3.0",
        "qs": "6.7.0",
        "raw-body": "2.4.0",
        "type-is": "~1.6.17"
      }
    },
    "brace-expansion": {
      "version": "1.1.11",
      "resolved": "https://smbuild.jfrog.io/artifactory/api/npm/siteminder-npm/brace-expansion/-/brace-expansion-1.1.11.tgz",
      "integrity": "sha1-PH/L9SnYcibz0vUrlm/1Jx60Qd0=",
      "dev": true,
      "requires": {
        "balanced-match": "^1.0.0",
        "concat-map": "0.0.1"
      }
    },
    "bson": {
      "version": "4.5.2",
      "resolved": "https://smbuild.jfrog.io/artifactory/api/npm/siteminder-npm/bson/-/bson-4.5.2.tgz",
      "integrity": "sha1-VntO6UNy1ShKTWxH+24cxxGudro=",
      "requires": {
        "buffer": "^5.6.0"
      }
    },
    "buffer": {
      "version": "5.7.1",
      "resolved": "https://smbuild.jfrog.io/artifactory/api/npm/siteminder-npm/buffer/-/buffer-5.7.1.tgz",
      "integrity": "sha1-umLnwTEzBTWCGXFghRqPZI6Z7tA=",
      "requires": {
        "base64-js": "^1.3.1",
        "ieee754": "^1.1.13"
      }
    },
    "builtin-modules": {
      "version": "1.1.1",
      "resolved": "https://smbuild.jfrog.io/artifactory/api/npm/siteminder-npm/builtin-modules/-/builtin-modules-1.1.1.tgz",
      "integrity": "sha1-Jw8HbFpywC9bZaR9+Uxf46J4iS8=",
      "dev": true
    },
    "bytes": {
      "version": "3.1.0",
      "resolved": "https://smbuild.jfrog.io/artifactory/api/npm/siteminder-npm/bytes/-/bytes-3.1.0.tgz",
      "integrity": "sha1-9s95M6Ng4FiPqf3oVlHNx/gF0fY="
    },
    "chalk": {
      "version": "2.4.2",
      "resolved": "https://smbuild.jfrog.io/artifactory/api/npm/siteminder-npm/chalk/-/chalk-2.4.2.tgz",
      "integrity": "sha1-zUJUFnelQzPPVBpJEIwUMrRMlCQ=",
      "dev": true,
      "requires": {
        "ansi-styles": "^3.2.1",
        "escape-string-regexp": "^1.0.5",
        "supports-color": "^5.3.0"
      }
    },
    "color-convert": {
      "version": "1.9.3",
      "resolved": "https://smbuild.jfrog.io/artifactory/api/npm/siteminder-npm/color-convert/-/color-convert-1.9.3.tgz",
      "integrity": "sha1-u3GFBpDh8TZWfeYp0tVHHe2kweg=",
      "dev": true,
      "requires": {
        "color-name": "1.1.3"
      }
    },
    "color-name": {
      "version": "1.1.3",
      "resolved": "https://smbuild.jfrog.io/artifactory/api/npm/siteminder-npm/color-name/-/color-name-1.1.3.tgz",
      "integrity": "sha1-p9BVi9icQveV3UIyj3QIMcpTvCU=",
      "dev": true
    },
    "commander": {
      "version": "2.20.3",
      "resolved": "https://smbuild.jfrog.io/artifactory/api/npm/siteminder-npm/commander/-/commander-2.20.3.tgz",
      "integrity": "sha1-/UhehMA+tIgcIHIrpIA16FMa6zM=",
      "dev": true
    },
    "concat-map": {
      "version": "0.0.1",
      "resolved": "https://smbuild.jfrog.io/artifactory/api/npm/siteminder-npm/concat-map/-/concat-map-0.0.1.tgz",
      "integrity": "sha1-2Klr13/Wjfd5OnMDajug1UBdR3s=",
      "dev": true
    },
    "content-disposition": {
      "version": "0.5.3",
      "resolved": "https://smbuild.jfrog.io/artifactory/api/npm/siteminder-npm/content-disposition/-/content-disposition-0.5.3.tgz",
      "integrity": "sha1-4TDK9+cnkIfFYWwgB9BIVpiYT70=",
      "requires": {
        "safe-buffer": "5.1.2"
      }
    },
    "content-type": {
      "version": "1.0.4",
      "resolved": "https://smbuild.jfrog.io/artifactory/api/npm/siteminder-npm/content-type/-/content-type-1.0.4.tgz",
      "integrity": "sha1-4TjMdeBAxyexlm/l5fjJruJW/js="
    },
    "cookie": {
      "version": "0.4.0",
      "resolved": "https://smbuild.jfrog.io/artifactory/api/npm/siteminder-npm/cookie/-/cookie-0.4.0.tgz",
      "integrity": "sha1-vrQ35wIrO21JAZ0IhmUwPr6cFLo="
    },
    "cookie-signature": {
      "version": "1.0.6",
      "resolved": "https://smbuild.jfrog.io/artifactory/api/npm/siteminder-npm/cookie-signature/-/cookie-signature-1.0.6.tgz",
      "integrity": "sha1-4wOogrNCzD7oylE6eZmXNNqzriw="
    },
    "create-require": {
      "version": "1.1.1",
      "resolved": "https://smbuild.jfrog.io/artifactory/api/npm/siteminder-npm/create-require/-/create-require-1.1.1.tgz",
      "integrity": "sha1-wdfo8eX2z8n/ZfnNNS03NIdWwzM="
    },
    "debug": {
      "version": "2.6.9",
      "resolved": "https://smbuild.jfrog.io/artifactory/api/npm/siteminder-npm/debug/-/debug-2.6.9.tgz",
      "integrity": "sha1-XRKFFd8TT/Mn6QpMk/Tgd6U2NB8=",
      "requires": {
        "ms": "2.0.0"
      }
    },
    "denque": {
      "version": "1.5.1",
      "resolved": "https://smbuild.jfrog.io/artifactory/api/npm/siteminder-npm/denque/-/denque-1.5.1.tgz",
      "integrity": "sha1-B/Zw4pyaePj67LJWah4sEZKcXL8="
    },
    "depd": {
      "version": "1.1.2",
      "resolved": "https://smbuild.jfrog.io/artifactory/api/npm/siteminder-npm/depd/-/depd-1.1.2.tgz",
      "integrity": "sha1-m81S4UwJd2PnSbJ0xDRu0uVgtak="
    },
    "destroy": {
      "version": "1.0.4",
      "resolved": "https://smbuild.jfrog.io/artifactory/api/npm/siteminder-npm/destroy/-/destroy-1.0.4.tgz",
      "integrity": "sha1-l4hXRCxEdJ5CBmE+N5RiBYJqvYA="
    },
    "diff": {
      "version": "4.0.2",
      "resolved": "https://smbuild.jfrog.io/artifactory/api/npm/siteminder-npm/diff/-/diff-4.0.2.tgz",
      "integrity": "sha1-YPOuy4nV+uUgwRqhnvwruYKq3n0="
    },
    "ee-first": {
      "version": "1.1.1",
      "resolved": "https://smbuild.jfrog.io/artifactory/api/npm/siteminder-npm/ee-first/-/ee-first-1.1.1.tgz",
      "integrity": "sha1-WQxhFWsK4vTwJVcyoViyZrxWsh0="
    },
    "encodeurl": {
      "version": "1.0.2",
      "resolved": "https://smbuild.jfrog.io/artifactory/api/npm/siteminder-npm/encodeurl/-/encodeurl-1.0.2.tgz",
      "integrity": "sha1-rT/0yG7C0CkyL1oCw6mmBslbP1k="
    },
    "escape-html": {
      "version": "1.0.3",
      "resolved": "https://smbuild.jfrog.io/artifactory/api/npm/siteminder-npm/escape-html/-/escape-html-1.0.3.tgz",
      "integrity": "sha1-Aljq5NPQwJdN4cFpGI7wBR0dGYg="
    },
    "escape-string-regexp": {
      "version": "1.0.5",
      "resolved": "https://smbuild.jfrog.io/artifactory/api/npm/siteminder-npm/escape-string-regexp/-/escape-string-regexp-1.0.5.tgz",
      "integrity": "sha1-G2HAViGQqN/2rjuyzwIAyhMLhtQ=",
      "dev": true
    },
    "esprima": {
      "version": "4.0.1",
      "resolved": "https://smbuild.jfrog.io/artifactory/api/npm/siteminder-npm/esprima/-/esprima-4.0.1.tgz",
      "integrity": "sha1-E7BM2z5sXRnfkatph6hpVhmwqnE=",
      "dev": true
    },
    "etag": {
      "version": "1.8.1",
      "resolved": "https://smbuild.jfrog.io/artifactory/api/npm/siteminder-npm/etag/-/etag-1.8.1.tgz",
      "integrity": "sha1-Qa4u62XvpiJorr/qg6x9eSmbCIc="
    },
    "express": {
      "version": "4.17.1",
      "resolved": "https://smbuild.jfrog.io/artifactory/api/npm/siteminder-npm/express/-/express-4.17.1.tgz",
      "integrity": "sha1-RJH8OGBc9R+GKdOcK10Cb5ikwTQ=",
      "requires": {
        "accepts": "~1.3.7",
        "array-flatten": "1.1.1",
        "body-parser": "1.19.0",
        "content-disposition": "0.5.3",
        "content-type": "~1.0.4",
        "cookie": "0.4.0",
        "cookie-signature": "1.0.6",
        "debug": "2.6.9",
        "depd": "~1.1.2",
        "encodeurl": "~1.0.2",
        "escape-html": "~1.0.3",
        "etag": "~1.8.1",
        "finalhandler": "~1.1.2",
        "fresh": "0.5.2",
        "merge-descriptors": "1.0.1",
        "methods": "~1.1.2",
        "on-finished": "~2.3.0",
        "parseurl": "~1.3.3",
        "path-to-regexp": "0.1.7",
        "proxy-addr": "~2.0.5",
        "qs": "6.7.0",
        "range-parser": "~1.2.1",
        "safe-buffer": "5.1.2",
        "send": "0.17.1",
        "serve-static": "1.14.1",
        "setprototypeof": "1.1.1",
        "statuses": "~1.5.0",
        "type-is": "~1.6.18",
        "utils-merge": "1.0.1",
        "vary": "~1.1.2"
      }
    },
    "finalhandler": {
      "version": "1.1.2",
      "resolved": "https://smbuild.jfrog.io/artifactory/api/npm/siteminder-npm/finalhandler/-/finalhandler-1.1.2.tgz",
      "integrity": "sha1-t+fQAP/RGTjQ/bBTUG9uur6fWH0=",
      "requires": {
        "debug": "2.6.9",
        "encodeurl": "~1.0.2",
        "escape-html": "~1.0.3",
        "on-finished": "~2.3.0",
        "parseurl": "~1.3.3",
        "statuses": "~1.5.0",
        "unpipe": "~1.0.0"
      }
    },
    "forwarded": {
      "version": "0.2.0",
      "resolved": "https://smbuild.jfrog.io/artifactory/api/npm/siteminder-npm/forwarded/-/forwarded-0.2.0.tgz",
      "integrity": "sha1-ImmTZCiq1MFcfr6XeahL8LKoGBE="
    },
    "fresh": {
      "version": "0.5.2",
      "resolved": "https://smbuild.jfrog.io/artifactory/api/npm/siteminder-npm/fresh/-/fresh-0.5.2.tgz",
      "integrity": "sha1-PYyt2Q2XZWn6g1qx+OSyOhBWBac="
    },
    "fs.realpath": {
      "version": "1.0.0",
      "resolved": "https://smbuild.jfrog.io/artifactory/api/npm/siteminder-npm/fs.realpath/-/fs.realpath-1.0.0.tgz",
      "integrity": "sha1-FQStJSMVjKpA20onh8sBQRmU6k8=",
      "dev": true
    },
    "function-bind": {
      "version": "1.1.1",
      "resolved": "https://smbuild.jfrog.io/artifactory/api/npm/siteminder-npm/function-bind/-/function-bind-1.1.1.tgz",
      "integrity": "sha1-pWiZ0+o8m6uHS7l3O3xe3pL0iV0=",
      "dev": true
    },
    "glob": {
      "version": "7.1.7",
      "resolved": "https://smbuild.jfrog.io/artifactory/api/npm/siteminder-npm/glob/-/glob-7.1.7.tgz",
      "integrity": "sha1-Oxk+kjPwHULQs/eClLvutBj5SpA=",
      "dev": true,
      "requires": {
        "fs.realpath": "^1.0.0",
        "inflight": "^1.0.4",
        "inherits": "2",
        "minimatch": "^3.0.4",
        "once": "^1.3.0",
        "path-is-absolute": "^1.0.0"
      }
    },
    "has": {
      "version": "1.0.3",
      "resolved": "https://smbuild.jfrog.io/artifactory/api/npm/siteminder-npm/has/-/has-1.0.3.tgz",
      "integrity": "sha1-ci18v8H2qoJB8W3YFOAR4fQeh5Y=",
      "dev": true,
      "requires": {
        "function-bind": "^1.1.1"
      }
    },
    "has-flag": {
      "version": "3.0.0",
      "resolved": "https://smbuild.jfrog.io/artifactory/api/npm/siteminder-npm/has-flag/-/has-flag-3.0.0.tgz",
      "integrity": "sha1-tdRU3CGZriJWmfNGfloH87lVuv0=",
      "dev": true
    },
    "http-errors": {
      "version": "1.7.2",
      "resolved": "https://smbuild.jfrog.io/artifactory/api/npm/siteminder-npm/http-errors/-/http-errors-1.7.2.tgz",
      "integrity": "sha1-T1ApzxMjnzEDblsuVSkrz7zIXI8=",
      "requires": {
        "depd": "~1.1.2",
        "inherits": "2.0.3",
        "setprototypeof": "1.1.1",
        "statuses": ">= 1.5.0 < 2",
        "toidentifier": "1.0.0"
      }
    },
    "iconv-lite": {
      "version": "0.4.24",
      "resolved": "https://smbuild.jfrog.io/artifactory/api/npm/siteminder-npm/iconv-lite/-/iconv-lite-0.4.24.tgz",
      "integrity": "sha1-ICK0sl+93CHS9SSXSkdKr+czkIs=",
      "requires": {
        "safer-buffer": ">= 2.1.2 < 3"
      }
    },
    "ieee754": {
      "version": "1.2.1",
      "resolved": "https://smbuild.jfrog.io/artifactory/api/npm/siteminder-npm/ieee754/-/ieee754-1.2.1.tgz",
      "integrity": "sha1-jrehCmP/8l0VpXsAFYbRd9Gw01I="
    },
    "inflight": {
      "version": "1.0.6",
      "resolved": "https://smbuild.jfrog.io/artifactory/api/npm/siteminder-npm/inflight/-/inflight-1.0.6.tgz",
      "integrity": "sha1-Sb1jMdfQLQwJvJEKEHW6gWW1bfk=",
      "dev": true,
      "requires": {
        "once": "^1.3.0",
        "wrappy": "1"
      }
    },
    "inherits": {
      "version": "2.0.3",
      "resolved": "https://smbuild.jfrog.io/artifactory/api/npm/siteminder-npm/inherits/-/inherits-2.0.3.tgz",
      "integrity": "sha1-Yzwsg+PaQqUC9SRmAiSA9CCCYd4="
    },
    "install": {
      "version": "0.13.0",
      "resolved": "https://smbuild.jfrog.io/artifactory/api/npm/siteminder-npm/install/-/install-0.13.0.tgz",
      "integrity": "sha1-avbp2p3QmH3iq0IPeOYNnBcmB3Y="
    },
    "ipaddr.js": {
      "version": "1.9.1",
      "resolved": "https://smbuild.jfrog.io/artifactory/api/npm/siteminder-npm/ipaddr.js/-/ipaddr.js-1.9.1.tgz",
      "integrity": "sha1-v/OFQ+64mEglB5/zoqjmy9RngbM="
    },
    "is-core-module": {
      "version": "2.6.0",
      "resolved": "https://smbuild.jfrog.io/artifactory/api/npm/siteminder-npm/is-core-module/-/is-core-module-2.6.0.tgz",
      "integrity": "sha1-11U7JSb+Wbkro+QMjfdX7Ipwnhk=",
      "dev": true,
      "requires": {
        "has": "^1.0.3"
      }
    },
    "js-tokens": {
      "version": "4.0.0",
      "resolved": "https://smbuild.jfrog.io/artifactory/api/npm/siteminder-npm/js-tokens/-/js-tokens-4.0.0.tgz",
      "integrity": "sha1-GSA/tZmR35jjoocFDUZHzerzJJk=",
      "dev": true
    },
    "js-yaml": {
      "version": "3.14.1",
      "resolved": "https://smbuild.jfrog.io/artifactory/api/npm/siteminder-npm/js-yaml/-/js-yaml-3.14.1.tgz",
      "integrity": "sha1-2ugS/bOCX6MGYJqHFzg8UMNqBTc=",
      "dev": true,
      "requires": {
        "argparse": "^1.0.7",
        "esprima": "^4.0.0"
      }
    },
    "kareem": {
      "version": "2.3.2",
      "resolved": "https://smbuild.jfrog.io/artifactory/api/npm/siteminder-npm/kareem/-/kareem-2.3.2.tgz",
      "integrity": "sha1-eMRQiJSYW404oNwV4ajhEHjyypM="
    },
    "make-error": {
      "version": "1.3.6",
      "resolved": "https://smbuild.jfrog.io/artifactory/api/npm/siteminder-npm/make-error/-/make-error-1.3.6.tgz",
      "integrity": "sha1-LrLjfqm2fEiR9oShOUeZr0hM96I="
    },
    "media-typer": {
      "version": "0.3.0",
      "resolved": "https://smbuild.jfrog.io/artifactory/api/npm/siteminder-npm/media-typer/-/media-typer-0.3.0.tgz",
      "integrity": "sha1-hxDXrwqmJvj/+hzgAWhUUmMlV0g="
    },
    "memory-pager": {
      "version": "1.5.0",
      "resolved": "https://smbuild.jfrog.io/artifactory/api/npm/siteminder-npm/memory-pager/-/memory-pager-1.5.0.tgz",
      "integrity": "sha1-2HUWVdItOEaCdByXLyw9bfo+ZrU=",
      "optional": true
    },
    "merge-descriptors": {
      "version": "1.0.1",
      "resolved": "https://smbuild.jfrog.io/artifactory/api/npm/siteminder-npm/merge-descriptors/-/merge-descriptors-1.0.1.tgz",
      "integrity": "sha1-sAqqVW3YtEVoFQ7J0blT8/kMu2E="
    },
    "methods": {
      "version": "1.1.2",
      "resolved": "https://smbuild.jfrog.io/artifactory/api/npm/siteminder-npm/methods/-/methods-1.1.2.tgz",
      "integrity": "sha1-VSmk1nZUE07cxSZmVoNbD4Ua/O4="
    },
    "mime": {
      "version": "1.6.0",
      "resolved": "https://smbuild.jfrog.io/artifactory/api/npm/siteminder-npm/mime/-/mime-1.6.0.tgz",
      "integrity": "sha1-Ms2eXGRVO9WNGaVor0Uqz/BJgbE="
    },
    "mime-db": {
      "version": "1.49.0",
      "resolved": "https://smbuild.jfrog.io/artifactory/api/npm/siteminder-npm/mime-db/-/mime-db-1.49.0.tgz",
      "integrity": "sha1-89/eYMmenPO8lwHWh3ePU3ABy+0="
    },
    "mime-types": {
      "version": "2.1.32",
      "resolved": "https://smbuild.jfrog.io/artifactory/api/npm/siteminder-npm/mime-types/-/mime-types-2.1.32.tgz",
      "integrity": "sha1-HQDonn3n/gIAjbYQAdngKFJnD9U=",
      "requires": {
        "mime-db": "1.49.0"
      }
    },
    "minimatch": {
      "version": "3.0.4",
      "resolved": "https://smbuild.jfrog.io/artifactory/api/npm/siteminder-npm/minimatch/-/minimatch-3.0.4.tgz",
      "integrity": "sha1-UWbihkV/AzBgZL5Ul+jbsMPTIIM=",
      "dev": true,
      "requires": {
        "brace-expansion": "^1.1.7"
      }
    },
    "minimist": {
      "version": "1.2.5",
      "resolved": "https://smbuild.jfrog.io/artifactory/api/npm/siteminder-npm/minimist/-/minimist-1.2.5.tgz",
      "integrity": "sha1-Z9ZgFLZqaoqqDAg8X9WN9OTpdgI=",
      "dev": true
    },
    "mkdirp": {
      "version": "0.5.5",
      "resolved": "https://smbuild.jfrog.io/artifactory/api/npm/siteminder-npm/mkdirp/-/mkdirp-0.5.5.tgz",
      "integrity": "sha1-2Rzv1i0UNsoPQWIOJRKI1CAJne8=",
      "dev": true,
      "requires": {
        "minimist": "^1.2.5"
      }
    },
    "mongodb": {
      "version": "4.1.1",
      "resolved": "https://smbuild.jfrog.io/artifactory/api/npm/siteminder-npm/mongodb/-/mongodb-4.1.1.tgz",
      "integrity": "sha1-0yjoMmdec1H1i2QvgzEm3ImsLmY=",
      "requires": {
        "bson": "^4.5.1",
        "denque": "^1.5.0",
        "mongodb-connection-string-url": "^2.0.0",
        "saslprep": "^1.0.0"
      }
    },
    "mongodb-connection-string-url": {
      "version": "2.0.0",
      "resolved": "https://smbuild.jfrog.io/artifactory/api/npm/siteminder-npm/mongodb-connection-string-url/-/mongodb-connection-string-url-2.0.0.tgz",
      "integrity": "sha1-cs6mUIT/pFZVZwBw77V7sKXaRrw=",
      "requires": {
        "@types/whatwg-url": "^8.2.1",
        "whatwg-url": "^9.1.0"
      }
    },
    "mongoose": {
      "version": "6.0.6",
      "resolved": "https://smbuild.jfrog.io/artifactory/api/npm/siteminder-npm/mongoose/-/mongoose-6.0.6.tgz",
      "integrity": "sha1-2Z18R4sSHiPAA1aC2hubdkC/9Is=",
      "requires": {
        "bson": "^4.2.2",
        "kareem": "2.3.2",
        "mongodb": "4.1.1",
        "mpath": "0.8.4",
        "mquery": "4.0.0",
        "ms": "2.1.2",
        "regexp-clone": "1.0.0",
        "sift": "13.5.2",
        "sliced": "1.0.1"
      },
      "dependencies": {
        "ms": {
          "version": "2.1.2",
          "resolved": "https://smbuild.jfrog.io/artifactory/api/npm/siteminder-npm/ms/-/ms-2.1.2.tgz",
          "integrity": "sha1-0J0fNXtEP0kzgqjrPM0YOHKuYAk="
        }
      }
    },
    "mpath": {
      "version": "0.8.4",
      "resolved": "https://smbuild.jfrog.io/artifactory/api/npm/siteminder-npm/mpath/-/mpath-0.8.4.tgz",
      "integrity": "sha1-a1ZtlYFiHZ6THdOxQu02GOdZkxM="
    },
    "mquery": {
      "version": "4.0.0",
      "resolved": "https://smbuild.jfrog.io/artifactory/api/npm/siteminder-npm/mquery/-/mquery-4.0.0.tgz",
      "integrity": "sha1-bGIWCtJSiemeCECQd1fN/WK953U=",
      "requires": {
        "debug": "4.x",
        "regexp-clone": "^1.0.0",
        "sliced": "1.0.1"
      },
      "dependencies": {
        "debug": {
          "version": "4.3.2",
          "resolved": "https://smbuild.jfrog.io/artifactory/api/npm/siteminder-npm/debug/-/debug-4.3.2.tgz",
          "integrity": "sha1-8KScGKyHeeMdSgxgKd+3aHPHQos=",
          "requires": {
            "ms": "2.1.2"
          }
        },
        "ms": {
          "version": "2.1.2",
          "resolved": "https://smbuild.jfrog.io/artifactory/api/npm/siteminder-npm/ms/-/ms-2.1.2.tgz",
          "integrity": "sha1-0J0fNXtEP0kzgqjrPM0YOHKuYAk="
        }
      }
    },
    "ms": {
      "version": "2.0.0",
      "resolved": "https://smbuild.jfrog.io/artifactory/api/npm/siteminder-npm/ms/-/ms-2.0.0.tgz",
      "integrity": "sha1-VgiurfwAvmwpAd9fmGF4jeDVl8g="
    },
    "negotiator": {
      "version": "0.6.2",
      "resolved": "https://smbuild.jfrog.io/artifactory/api/npm/siteminder-npm/negotiator/-/negotiator-0.6.2.tgz",
      "integrity": "sha1-/qz3zPUlp3rpY0Q2pkiD/+yjRvs="
    },
    "on-finished": {
      "version": "2.3.0",
      "resolved": "https://smbuild.jfrog.io/artifactory/api/npm/siteminder-npm/on-finished/-/on-finished-2.3.0.tgz",
      "integrity": "sha1-IPEzZIGwg811M3mSoWlxqi2QaUc=",
      "requires": {
        "ee-first": "1.1.1"
      }
    },
    "once": {
      "version": "1.4.0",
      "resolved": "https://smbuild.jfrog.io/artifactory/api/npm/siteminder-npm/once/-/once-1.4.0.tgz",
      "integrity": "sha1-WDsap3WWHUsROsF9nFC6753Xa9E=",
      "dev": true,
      "requires": {
        "wrappy": "1"
      }
    },
    "parseurl": {
      "version": "1.3.3",
      "resolved": "https://smbuild.jfrog.io/artifactory/api/npm/siteminder-npm/parseurl/-/parseurl-1.3.3.tgz",
      "integrity": "sha1-naGee+6NEt/wUT7Vt2lXeTvC6NQ="
    },
    "path-is-absolute": {
      "version": "1.0.1",
      "resolved": "https://smbuild.jfrog.io/artifactory/api/npm/siteminder-npm/path-is-absolute/-/path-is-absolute-1.0.1.tgz",
      "integrity": "sha1-F0uSaHNVNP+8es5r9TpanhtcX18=",
      "dev": true
    },
    "path-parse": {
      "version": "1.0.7",
      "resolved": "https://smbuild.jfrog.io/artifactory/api/npm/siteminder-npm/path-parse/-/path-parse-1.0.7.tgz",
      "integrity": "sha1-+8EUtgykKzDZ2vWFjkvWi77bZzU=",
      "dev": true
    },
    "path-to-regexp": {
      "version": "0.1.7",
      "resolved": "https://smbuild.jfrog.io/artifactory/api/npm/siteminder-npm/path-to-regexp/-/path-to-regexp-0.1.7.tgz",
      "integrity": "sha1-32BBeABfUi8V60SQ5yR6G/qmf4w="
    },
    "proxy-addr": {
      "version": "2.0.7",
      "resolved": "https://smbuild.jfrog.io/artifactory/api/npm/siteminder-npm/proxy-addr/-/proxy-addr-2.0.7.tgz",
      "integrity": "sha1-8Z/mnOqzEe65S0LnDowgcPm6ECU=",
      "requires": {
        "forwarded": "0.2.0",
        "ipaddr.js": "1.9.1"
      }
    },
    "punycode": {
      "version": "2.1.1",
      "resolved": "https://smbuild.jfrog.io/artifactory/api/npm/siteminder-npm/punycode/-/punycode-2.1.1.tgz",
      "integrity": "sha1-tYsBCsQMIsVldhbI0sLALHv0eew="
    },
    "qs": {
      "version": "6.7.0",
      "resolved": "https://smbuild.jfrog.io/artifactory/api/npm/siteminder-npm/qs/-/qs-6.7.0.tgz",
      "integrity": "sha1-QdwaAV49WB8WIXdr4xr7KHapsbw="
    },
    "range-parser": {
      "version": "1.2.1",
      "resolved": "https://smbuild.jfrog.io/artifactory/api/npm/siteminder-npm/range-parser/-/range-parser-1.2.1.tgz",
      "integrity": "sha1-PPNwI9GZ4cJNGlW4SADC8+ZGgDE="
    },
    "raw-body": {
      "version": "2.4.0",
      "resolved": "https://smbuild.jfrog.io/artifactory/api/npm/siteminder-npm/raw-body/-/raw-body-2.4.0.tgz",
      "integrity": "sha1-oc5vucm8NWylLoklarWQWeE9AzI=",
      "requires": {
        "bytes": "3.1.0",
        "http-errors": "1.7.2",
        "iconv-lite": "0.4.24",
        "unpipe": "1.0.0"
      }
    },
    "regexp-clone": {
      "version": "1.0.0",
      "resolved": "https://smbuild.jfrog.io/artifactory/api/npm/siteminder-npm/regexp-clone/-/regexp-clone-1.0.0.tgz",
      "integrity": "sha1-Ii25Z2IydwViYLmSYmNUoEzpv2M="
    },
    "resolve": {
      "version": "1.20.0",
      "resolved": "https://smbuild.jfrog.io/artifactory/api/npm/siteminder-npm/resolve/-/resolve-1.20.0.tgz",
      "integrity": "sha1-YpoBP7P3B1XW8LeTXMHCxTeLGXU=",
      "dev": true,
      "requires": {
        "is-core-module": "^2.2.0",
        "path-parse": "^1.0.6"
      }
    },
    "safe-buffer": {
      "version": "5.1.2",
      "resolved": "https://smbuild.jfrog.io/artifactory/api/npm/siteminder-npm/safe-buffer/-/safe-buffer-5.1.2.tgz",
      "integrity": "sha1-mR7GnSluAxN0fVm9/St0XDX4go0="
    },
    "safer-buffer": {
      "version": "2.1.2",
      "resolved": "https://smbuild.jfrog.io/artifactory/api/npm/siteminder-npm/safer-buffer/-/safer-buffer-2.1.2.tgz",
      "integrity": "sha1-RPoWGwGHuVSd2Eu5GAL5vYOFzWo="
    },
    "saslprep": {
      "version": "1.0.3",
      "resolved": "https://smbuild.jfrog.io/artifactory/api/npm/siteminder-npm/saslprep/-/saslprep-1.0.3.tgz",
      "integrity": "sha1-TAL5RrVs9UKX40e6EJPnrKxM8iY=",
      "optional": true,
      "requires": {
        "sparse-bitfield": "^3.0.3"
      }
    },
    "semver": {
      "version": "5.7.1",
      "resolved": "https://smbuild.jfrog.io/artifactory/api/npm/siteminder-npm/semver/-/semver-5.7.1.tgz",
      "integrity": "sha1-qVT5Ma66UI0we78Gnv8MAclhFvc=",
      "dev": true
    },
    "send": {
      "version": "0.17.1",
      "resolved": "https://smbuild.jfrog.io/artifactory/api/npm/siteminder-npm/send/-/send-0.17.1.tgz",
      "integrity": "sha1-wdiwWfeQD3Rm3Uk4vcROEd2zdsg=",
      "requires": {
        "debug": "2.6.9",
        "depd": "~1.1.2",
        "destroy": "~1.0.4",
        "encodeurl": "~1.0.2",
        "escape-html": "~1.0.3",
        "etag": "~1.8.1",
        "fresh": "0.5.2",
        "http-errors": "~1.7.2",
        "mime": "1.6.0",
        "ms": "2.1.1",
        "on-finished": "~2.3.0",
        "range-parser": "~1.2.1",
        "statuses": "~1.5.0"
      },
      "dependencies": {
        "ms": {
          "version": "2.1.1",
          "resolved": "https://smbuild.jfrog.io/artifactory/api/npm/siteminder-npm/ms/-/ms-2.1.1.tgz",
          "integrity": "sha1-MKWGTrPrsKZvLr5tcnrwagnYbgo="
        }
      }
    },
    "serve-static": {
      "version": "1.14.1",
      "resolved": "https://smbuild.jfrog.io/artifactory/api/npm/siteminder-npm/serve-static/-/serve-static-1.14.1.tgz",
      "integrity": "sha1-Zm5jbcTwEPfvKZcKiKZ0MgiYsvk=",
      "requires": {
        "encodeurl": "~1.0.2",
        "escape-html": "~1.0.3",
        "parseurl": "~1.3.3",
        "send": "0.17.1"
      }
    },
    "setprototypeof": {
      "version": "1.1.1",
      "resolved": "https://smbuild.jfrog.io/artifactory/api/npm/siteminder-npm/setprototypeof/-/setprototypeof-1.1.1.tgz",
      "integrity": "sha1-fpWsskqpL1iF4KvvW6ExMw1K5oM="
    },
    "sift": {
      "version": "13.5.2",
      "resolved": "https://smbuild.jfrog.io/artifactory/api/npm/siteminder-npm/sift/-/sift-13.5.2.tgz",
      "integrity": "sha1-JKcV4TxhewhhZs0EkX0gSlkcnaY="
    },
    "sliced": {
      "version": "1.0.1",
      "resolved": "https://smbuild.jfrog.io/artifactory/api/npm/siteminder-npm/sliced/-/sliced-1.0.1.tgz",
      "integrity": "sha1-CzpmK10Ewxd7GSa+qCsD+Dei70E="
    },
    "sparse-bitfield": {
      "version": "3.0.3",
      "resolved": "https://smbuild.jfrog.io/artifactory/api/npm/siteminder-npm/sparse-bitfield/-/sparse-bitfield-3.0.3.tgz",
      "integrity": "sha1-/0rm5oZWBWuks+eSqzM004JzyhE=",
      "optional": true,
      "requires": {
        "memory-pager": "^1.0.2"
      }
    },
    "sprintf-js": {
      "version": "1.0.3",
      "resolved": "https://smbuild.jfrog.io/artifactory/api/npm/siteminder-npm/sprintf-js/-/sprintf-js-1.0.3.tgz",
      "integrity": "sha1-BOaSb2YolTVPPdAVIDYzuFcpfiw=",
      "dev": true
    },
    "statuses": {
      "version": "1.5.0",
      "resolved": "https://smbuild.jfrog.io/artifactory/api/npm/siteminder-npm/statuses/-/statuses-1.5.0.tgz",
      "integrity": "sha1-Fhx9rBd2Wf2YEfQ3cfqZOBR4Yow="
    },
    "supports-color": {
      "version": "5.5.0",
      "resolved": "https://smbuild.jfrog.io/artifactory/api/npm/siteminder-npm/supports-color/-/supports-color-5.5.0.tgz",
      "integrity": "sha1-4uaaRKyHcveKHsCzW2id9lMO/I8=",
      "dev": true,
      "requires": {
        "has-flag": "^3.0.0"
      }
    },
    "toidentifier": {
      "version": "1.0.0",
      "resolved": "https://smbuild.jfrog.io/artifactory/api/npm/siteminder-npm/toidentifier/-/toidentifier-1.0.0.tgz",
      "integrity": "sha1-fhvjRw8ed5SLxD2Uo8j013UrpVM="
    },
    "tr46": {
      "version": "2.1.0",
      "resolved": "https://smbuild.jfrog.io/artifactory/api/npm/siteminder-npm/tr46/-/tr46-2.1.0.tgz",
      "integrity": "sha1-+oeqgcpdWUHajL8fm3SdyWmk4kA=",
      "requires": {
        "punycode": "^2.1.1"
      }
    },
    "ts-node": {
      "version": "10.2.1",
      "resolved": "https://smbuild.jfrog.io/artifactory/api/npm/siteminder-npm/ts-node/-/ts-node-10.2.1.tgz",
      "integrity": "sha1-TMk76gp6uiF5SX5luwjd/BmLOrU=",
      "requires": {
        "@cspotcode/source-map-support": "0.6.1",
        "@tsconfig/node10": "^1.0.7",
        "@tsconfig/node12": "^1.0.7",
        "@tsconfig/node14": "^1.0.0",
        "@tsconfig/node16": "^1.0.2",
        "acorn": "^8.4.1",
        "acorn-walk": "^8.1.1",
        "arg": "^4.1.0",
        "create-require": "^1.1.0",
        "diff": "^4.0.1",
        "make-error": "^1.1.1",
        "yn": "3.1.1"
      }
    },
    "tslib": {
      "version": "1.14.1",
      "resolved": "https://smbuild.jfrog.io/artifactory/api/npm/siteminder-npm/tslib/-/tslib-1.14.1.tgz",
      "integrity": "sha1-zy04vcNKE0vK8QkcQfZhni9nLQA=",
      "dev": true
    },
    "tslint": {
      "version": "6.1.3",
      "resolved": "https://smbuild.jfrog.io/artifactory/api/npm/siteminder-npm/tslint/-/tslint-6.1.3.tgz",
      "integrity": "sha1-XCOy7MwySH1VI706Rw6aoxeJ2QQ=",
      "dev": true,
      "requires": {
        "@babel/code-frame": "^7.0.0",
        "builtin-modules": "^1.1.1",
        "chalk": "^2.3.0",
        "commander": "^2.12.1",
        "diff": "^4.0.1",
        "glob": "^7.1.1",
        "js-yaml": "^3.13.1",
        "minimatch": "^3.0.4",
        "mkdirp": "^0.5.3",
        "resolve": "^1.3.2",
        "semver": "^5.3.0",
        "tslib": "^1.13.0",
        "tsutils": "^2.29.0"
      }
    },
    "tsutils": {
      "version": "2.29.0",
      "resolved": "https://smbuild.jfrog.io/artifactory/api/npm/siteminder-npm/tsutils/-/tsutils-2.29.0.tgz",
      "integrity": "sha1-MrSIUBRnrL7dS4VJhnOggSrKC5k=",
      "dev": true,
      "requires": {
        "tslib": "^1.8.1"
      }
    },
    "type-is": {
      "version": "1.6.18",
      "resolved": "https://smbuild.jfrog.io/artifactory/api/npm/siteminder-npm/type-is/-/type-is-1.6.18.tgz",
      "integrity": "sha1-TlUs0F3wlGfcvE73Od6J8s83wTE=",
      "requires": {
        "media-typer": "0.3.0",
        "mime-types": "~2.1.24"
      }
    },
    "typescript": {
      "version": "4.4.3",
      "resolved": "https://smbuild.jfrog.io/artifactory/api/npm/siteminder-npm/typescript/-/typescript-4.4.3.tgz",
      "integrity": "sha1-vcVAfKorEJ79T4L+EwZW+XeikyQ=",
      "dev": true
    },
    "unpipe": {
      "version": "1.0.0",
      "resolved": "https://smbuild.jfrog.io/artifactory/api/npm/siteminder-npm/unpipe/-/unpipe-1.0.0.tgz",
      "integrity": "sha1-sr9O6FFKrmFltIF4KdIbLvSZBOw="
    },
    "utils-merge": {
      "version": "1.0.1",
      "resolved": "https://smbuild.jfrog.io/artifactory/api/npm/siteminder-npm/utils-merge/-/utils-merge-1.0.1.tgz",
      "integrity": "sha1-n5VxD1CiZ5R7LMwSR0HBAoQn5xM="
    },
    "vary": {
      "version": "1.1.2",
      "resolved": "https://smbuild.jfrog.io/artifactory/api/npm/siteminder-npm/vary/-/vary-1.1.2.tgz",
      "integrity": "sha1-IpnwLG3tMNSllhsLn3RSShj2NPw="
    },
    "webidl-conversions": {
      "version": "6.1.0",
      "resolved": "https://smbuild.jfrog.io/artifactory/api/npm/siteminder-npm/webidl-conversions/-/webidl-conversions-6.1.0.tgz",
      "integrity": "sha1-kRG01+qArNQPUnDWZmIa+ni2lRQ="
    },
    "whatwg-url": {
      "version": "9.1.0",
      "resolved": "https://smbuild.jfrog.io/artifactory/api/npm/siteminder-npm/whatwg-url/-/whatwg-url-9.1.0.tgz",
      "integrity": "sha1-GxEs8jfXLNZPp4grnD9iNKHDBQ0=",
      "requires": {
        "tr46": "^2.1.0",
        "webidl-conversions": "^6.1.0"
      }
    },
    "wrappy": {
      "version": "1.0.2",
      "resolved": "https://smbuild.jfrog.io/artifactory/api/npm/siteminder-npm/wrappy/-/wrappy-1.0.2.tgz",
      "integrity": "sha1-tSQ9jz7BqjXxNkYFvA0QNuMKtp8=",
      "dev": true
    },
    "yn": {
      "version": "3.1.1",
      "resolved": "https://smbuild.jfrog.io/artifactory/api/npm/siteminder-npm/yn/-/yn-3.1.1.tgz",
      "integrity": "sha1-HodAGgnXZ8HV6rJqbkwYUYLS61A="
    }
  }
}
